# Extra XAI dependencies tested in the project-local .venv-xai.
# Core runtime packages are inherited from conda environment 20240629-01-ML
# (Python 3.12.4, torch 2.4.1, numpy 1.26.4, h5py 3.11.0) via
# `python -m venv --system-site-packages`.
#
# Add a pin here only after importing the package and running one real call
# against this repository's models in .venv-xai, and record the check in the
# step report.
captum==0.9.0
scipy==1.13.1
